github.com/sarahlehman/smalltownkitten-theme v0.0.0-20201115232406-05e80911cfbf/go.mod h1:2JF1xcm2+T2nt9uQZHXxGT1ZsS2i+Obprfi4hDsXDCs=
github.com/sarahlehman/smalltownkitten-theme v0.0.0-20201201015411-a19d85eeb75c h1:Npbmvgo3zVOifX2nU9F1WkDwRT+FspBvE5shaOIs7B4=
github.com/sarahlehman/smalltownkitten-theme v0.0.0-20201201015411-a19d85eeb75c/go.mod h1:2JF1xcm2+T2nt9uQZHXxGT1ZsS2i+Obprfi4hDsXDCs=
github.com/sarahlehman/smalltownkitten-theme v0.0.0-20201230160853-2bddcb4a9684 h1:bNCmVvcfrXCQXzgvrf/kf1sl8P0ZaTCWMw+IW842fa0=
github.com/sarahlehman/smalltownkitten-theme v0.0.0-20201230160853-2bddcb4a9684/go.mod h1:2JF1xcm2+T2nt9uQZHXxGT1ZsS2i+Obprfi4hDsXDCs=
